
Microsoft Visual Studio Solution File, Format Version 12.00
# Visual Studio Version 16
VisualStudioVersion = 16.0.31605.320
MinimumVisualStudioVersion = 10.0.40219.1
Project("{FAE04EC0-301F-11D3-BF4B-00C04F79EFBC}") = "GUI", "GUI\GUI.csproj", "{8C989E2F-DB63-47EA-87CF-8179965FEE5C}"
EndProject
Project("{FAE04EC0-301F-11D3-BF4B-00C04F79EFBC}") = "BussinessEntity", "BusinessEntity\BussinessEntity.csproj", "{93EA0B26-C213-4D43-87A6-AC751B56D8D9}"
EndProject
Project("{FAE04EC0-301F-11D3-BF4B-00C04F79EFBC}") = "Security", "Security\Security.csproj", "{074BC7C2-8679-4DFE-BBE2-E87EF9168DBE}"
EndProject
Project("{FAE04EC0-301F-11D3-BF4B-00C04F79EFBC}") = "Persistence", "Persistence\Persistence.csproj", "{39806EF0-4064-4A82-8D20-1C1CB4C068D0}"
EndProject
Project("{FAE04EC0-301F-11D3-BF4B-00C04F79EFBC}") = "BussinessLogic", "BusinessLogic\BussinessLogic.csproj", "{59C9703C-31E1-4C22-8BDD-E11AB73C4915}"
EndProject
Global
	GlobalSection(SolutionConfigurationPlatforms) = preSolution
		Debug|Any CPU = Debug|Any CPU
		Release|Any CPU = Release|Any CPU
	EndGlobalSection
	GlobalSection(ProjectConfigurationPlatforms) = postSolution
		{8C989E2F-DB63-47EA-87CF-8179965FEE5C}.Debug|Any CPU.ActiveCfg = Debug|Any CPU
		{8C989E2F-DB63-47EA-87CF-8179965FEE5C}.Debug|Any CPU.Build.0 = Debug|Any CPU
		{8C989E2F-DB63-47EA-87CF-8179965FEE5C}.Release|Any CPU.ActiveCfg = Release|Any CPU
		{8C989E2F-DB63-47EA-87CF-8179965FEE5C}.Release|Any CPU.Build.0 = Release|Any CPU
		{93EA0B26-C213-4D43-87A6-AC751B56D8D9}.Debug|Any CPU.ActiveCfg = Debug|Any CPU
		{93EA0B26-C213-4D43-87A6-AC751B56D8D9}.Debug|Any CPU.Build.0 = Debug|Any CPU
		{93EA0B26-C213-4D43-87A6-AC751B56D8D9}.Release|Any CPU.ActiveCfg = Release|Any CPU
		{93EA0B26-C213-4D43-87A6-AC751B56D8D9}.Release|Any CPU.Build.0 = Release|Any CPU
		{074BC7C2-8679-4DFE-BBE2-E87EF9168DBE}.Debug|Any CPU.ActiveCfg = Debug|Any CPU
		{074BC7C2-8679-4DFE-BBE2-E87EF9168DBE}.Debug|Any CPU.Build.0 = Debug|Any CPU
		{074BC7C2-8679-4DFE-BBE2-E87EF9168DBE}.Release|Any CPU.ActiveCfg = Release|Any CPU
		{074BC7C2-8679-4DFE-BBE2-E87EF9168DBE}.Release|Any CPU.Build.0 = Release|Any CPU
		{39806EF0-4064-4A82-8D20-1C1CB4C068D0}.Debug|Any CPU.ActiveCfg = Debug|Any CPU
		{39806EF0-4064-4A82-8D20-1C1CB4C068D0}.Debug|Any CPU.Build.0 = Debug|Any CPU
		{39806EF0-4064-4A82-8D20-1C1CB4C068D0}.Release|Any CPU.ActiveCfg = Release|Any CPU
		{39806EF0-4064-4A82-8D20-1C1CB4C068D0}.Release|Any CPU.Build.0 = Release|Any CPU
		{59C9703C-31E1-4C22-8BDD-E11AB73C4915}.Debug|Any CPU.ActiveCfg = Debug|Any CPU
		{59C9703C-31E1-4C22-8BDD-E11AB73C4915}.Debug|Any CPU.Build.0 = Debug|Any CPU
		{59C9703C-31E1-4C22-8BDD-E11AB73C4915}.Release|Any CPU.ActiveCfg = Release|Any CPU
		{59C9703C-31E1-4C22-8BDD-E11AB73C4915}.Release|Any CPU.Build.0 = Release|Any CPU
	EndGlobalSection
	GlobalSection(SolutionProperties) = preSolution
		HideSolutionNode = FALSE
	EndGlobalSection
	GlobalSection(ExtensibilityGlobals) = postSolution
		SolutionGuid = {145F59EF-4C14-4C6C-BCCE-34F12A3F94CA}
	EndGlobalSection
EndGlobal
